
Microsoft Visual Studio Solution File, Format Version 12.00
# Visual Studio Version 17
VisualStudioVersion = 17.2.32519.379
MinimumVisualStudioVersion = 10.0.40219.1
Project("{FAE04EC0-301F-11D3-BF4B-00C04F79EFBC}") = "checkers", "checkers\checkers.csproj", "{5DBEDD8E-1BF4-41AC-953A-F9C4A896594F}"
EndProject
Project("{FAE04EC0-301F-11D3-BF4B-00C04F79EFBC}") = "checkersDesign", "checkersDesign\checkersDesign.csproj", "{266C33A4-86C4-4681-8232-8BC720DD389E}"
EndProject
Global
	GlobalSection(SolutionConfigurationPlatforms) = preSolution
		Debug|Any CPU = Debug|Any CPU
		Release|Any CPU = Release|Any CPU
	EndGlobalSection
	GlobalSection(ProjectConfigurationPlatforms) = postSolution
		{5DBEDD8E-1BF4-41AC-953A-F9C4A896594F}.Debug|Any CPU.ActiveCfg = Debug|Any CPU
		{5DBEDD8E-1BF4-41AC-953A-F9C4A896594F}.Debug|Any CPU.Build.0 = Debug|Any CPU
		{5DBEDD8E-1BF4-41AC-953A-F9C4A896594F}.Release|Any CPU.ActiveCfg = Release|Any CPU
		{5DBEDD8E-1BF4-41AC-953A-F9C4A896594F}.Release|Any CPU.Build.0 = Release|Any CPU
		{266C33A4-86C4-4681-8232-8BC720DD389E}.Debug|Any CPU.ActiveCfg = Debug|Any CPU
		{266C33A4-86C4-4681-8232-8BC720DD389E}.Debug|Any CPU.Build.0 = Debug|Any CPU
		{266C33A4-86C4-4681-8232-8BC720DD389E}.Release|Any CPU.ActiveCfg = Release|Any CPU
		{266C33A4-86C4-4681-8232-8BC720DD389E}.Release|Any CPU.Build.0 = Release|Any CPU
	EndGlobalSection
	GlobalSection(SolutionProperties) = preSolution
		HideSolutionNode = FALSE
	EndGlobalSection
	GlobalSection(ExtensibilityGlobals) = postSolution
		SolutionGuid = {96499879-BEEE-4B09-AF2E-6A48DD7C885B}
	EndGlobalSection
EndGlobal
